
Microsoft Visual Studio Solution File, Format Version 12.00
# Visual Studio Version 16
VisualStudioVersion = 16.0.30717.126
MinimumVisualStudioVersion = 10.0.40219.1
Project("{FAE04EC0-301F-11D3-BF4B-00C04F79EFBC}") = "RobotControl", "RobotControl.csproj", "{A38E1BD0-807D-45AB-95D1-F853EC1747B7}"
EndProject
Global
	GlobalSection(SolutionConfigurationPlatforms) = preSolution
		Debug|Any CPU = Debug|Any CPU
		Release|Any CPU = Release|Any CPU
	EndGlobalSection
	GlobalSection(ProjectConfigurationPlatforms) = postSolution
		{A38E1BD0-807D-45AB-95D1-F853EC1747B7}.Debug|Any CPU.ActiveCfg = Debug|Any CPU
		{A38E1BD0-807D-45AB-95D1-F853EC1747B7}.Debug|Any CPU.Build.0 = Debug|Any CPU
		{A38E1BD0-807D-45AB-95D1-F853EC1747B7}.Release|Any CPU.ActiveCfg = Release|Any CPU
		{A38E1BD0-807D-45AB-95D1-F853EC1747B7}.Release|Any CPU.Build.0 = Release|Any CPU
	EndGlobalSection
	GlobalSection(SolutionProperties) = preSolution
		HideSolutionNode = FALSE
	EndGlobalSection
	GlobalSection(ExtensibilityGlobals) = postSolution
		SolutionGuid = {A42919C3-0BA0-46CE-AB79-DE96B4679E26}
	EndGlobalSection
EndGlobal
